lockfileVersion: 5.4

specifiers:
  iconify-icon: 1.0.7
  prettier: 2.8.4

devDependencies:
  iconify-icon: 1.0.7
  prettier: 2.8.4

packages:

  /@iconify/types/2.0.0:
    resolution: {integrity: sha512-+wluvCrRhXrhyOmRDJ3q8mux9JkKy5SJ/v8ol2tu4FVjyYvtEzkc/3pK15ET6RKg4b4w4BmTk1+gsCUhf21Ykg==}
    dev: true

  /iconify-icon/1.0.7:
    resolution: {integrity: sha512-MxaO3Jhf3f5ymPWGHR9x74f90TNKcq1D+B2iGucGhVtqAgbC9EtM06kKiTGH2CKELNnexckwhrA3/+OpT4HKFw==}
    dependencies:
      '@iconify/types': 2.0.0
    dev: true

  /prettier/2.8.4:
    resolution: {integrity: sha512-vIS4Rlc2FNh0BySk3Wkd6xmwxB0FpOndW5fisM5H8hsZSxU2VWVB5CWIkIjWvrHjIhxk2g3bfMKM87zNTrZddw==}
    engines: {node: '>=10.13.0'}
    hasBin: true
    dev: true
